// !$*UTF8*$!
{
	archiveVersion = 1;
	classes = {
	};
	objectVersion = 46;
	objects = {

/* Begin PBXBuildFile section */
		512E40B022D7703200078E74 /* StatusItemController.swift in Sources */ = {isa = PBXBuildFile; fileRef = 512E40AF22D7703100078E74 /* StatusItemController.swift */; };
		513259ED22AFC6A90064F8A2 /* NotificationObservation.swift in Sources */ = {isa = PBXBuildFile; fileRef = 513259EC22AFC6A90064F8A2 /* NotificationObservation.swift */; };
		516A99B11ED8E7EB00978A19 /* KeyViewManaging.swift in Sources */ = {isa = PBXBuildFile; fileRef = 516A99B01ED8E7EB00978A19 /* KeyViewManaging.swift */; };
		517432B720FF489D00F33B65 /* NSDocument-quicklook.swift in Sources */ = {isa = PBXBuildFile; fileRef = 517432B620FF489D00F33B65 /* NSDocument-quicklook.swift */; };
		5191A8D71E341889001B94FD /* BBLBasics.framework in Frameworks */ = {isa = PBXBuildFile; fileRef = 5191A8CD1E341889001B94FD /* BBLBasics.framework */; };
		5191A8DC1E341889001B94FD /* BBLBasicsTests.swift in Sources */ = {isa = PBXBuildFile; fileRef = 5191A8DB1E341889001B94FD /* BBLBasicsTests.swift */; };
		5191A8DE1E341889001B94FD /* BBLBasics.h in Headers */ = {isa = PBXBuildFile; fileRef = 5191A8D01E341889001B94FD /* BBLBasics.h */; settings = {ATTRIBUTES = (Public, ); }; };
		5191A8F61E3418B5001B94FD /* execution.swift in Sources */ = {isa = PBXBuildFile; fileRef = 5191A8F21E3418B5001B94FD /* execution.swift */; };
		5191A8F71E3418B5001B94FD /* Foundation-ext.swift in Sources */ = {isa = PBXBuildFile; fileRef = 5191A8F31E3418B5001B94FD /* Foundation-ext.swift */; };
		5191A8FF1E341A17001B94FD /* AppKit-ext.swift in Sources */ = {isa = PBXBuildFile; fileRef = 5191A8FE1E341A17001B94FD /* AppKit-ext.swift */; };
		51DADAE21E3D784B0035D4EB /* NSArray+MapFilterReduce.h in Headers */ = {isa = PBXBuildFile; fileRef = 51DADAE01E3D784B0035D4EB /* NSArray+MapFilterReduce.h */; settings = {ATTRIBUTES = (Public, ); }; };
		51DADAE31E3D784B0035D4EB /* NSArray+MapFilterReduce.m in Sources */ = {isa = PBXBuildFile; fileRef = 51DADAE11E3D784B0035D4EB /* NSArray+MapFilterReduce.m */; };
		51F1A519229EBB4900756EE3 /* Cocoa-oneliners.swift in Sources */ = {isa = PBXBuildFile; fileRef = 51F1A518229EBB4900756EE3 /* Cocoa-oneliners.swift */; };
/* End PBXBuildFile section */

/* Begin PBXContainerItemProxy section */
		5191A8D81E341889001B94FD /* PBXContainerItemProxy */ = {
			isa = PBXContainerItemProxy;
			containerPortal = 5191A8C41E341889001B94FD /* Project object */;
			proxyType = 1;
			remoteGlobalIDString = 5191A8CC1E341889001B94FD;
			remoteInfo = BBLBasics;
		};
/* End PBXContainerItemProxy section */

/* Begin PBXFileReference section */
		512E40AF22D7703100078E74 /* StatusItemController.swift */ = {isa = PBXFileReference; fileEncoding = 4; lastKnownFileType = sourcecode.swift; path = StatusItemController.swift; sourceTree = "<group>"; };
		513259EC22AFC6A90064F8A2 /* NotificationObservation.swift */ = {isa = PBXFileReference; lastKnownFileType = sourcecode.swift; path = NotificationObservation.swift; sourceTree = "<group>"; };
		51408FDA22C14DB000FB5462 /* WebViewPlayground.playground */ = {isa = PBXFileReference; lastKnownFileType = file.playground; path = WebViewPlayground.playground; sourceTree = "<group>"; xcLanguageSpecificationIdentifier = xcode.lang.swift; };
		516A99B01ED8E7EB00978A19 /* KeyViewManaging.swift */ = {isa = PBXFileReference; fileEncoding = 4; lastKnownFileType = sourcecode.swift; path = KeyViewManaging.swift; sourceTree = "<group>"; };
		517432B620FF489D00F33B65 /* NSDocument-quicklook.swift */ = {isa = PBXFileReference; lastKnownFileType = sourcecode.swift; path = "NSDocument-quicklook.swift"; sourceTree = "<group>"; };
		5191A8CD1E341889001B94FD /* BBLBasics.framework */ = {isa = PBXFileReference; explicitFileType = wrapper.framework; includeInIndex = 0; path = BBLBasics.framework; sourceTree = BUILT_PRODUCTS_DIR; };
		5191A8D01E341889001B94FD /* BBLBasics.h */ = {isa = PBXFileReference; lastKnownFileType = sourcecode.c.h; path = BBLBasics.h; sourceTree = "<group>"; };
		5191A8D11E341889001B94FD /* Info.plist */ = {isa = PBXFileReference; lastKnownFileType = text.plist.xml; path = Info.plist; sourceTree = "<group>"; };
		5191A8D61E341889001B94FD /* BBLBasicsTests.xctest */ = {isa = PBXFileReference; explicitFileType = wrapper.cfbundle; includeInIndex = 0; path = BBLBasicsTests.xctest; sourceTree = BUILT_PRODUCTS_DIR; };
		5191A8DB1E341889001B94FD /* BBLBasicsTests.swift */ = {isa = PBXFileReference; lastKnownFileType = sourcecode.swift; path = BBLBasicsTests.swift; sourceTree = "<group>"; };
		5191A8DD1E341889001B94FD /* Info.plist */ = {isa = PBXFileReference; lastKnownFileType = text.plist.xml; path = Info.plist; sourceTree = "<group>"; };
		5191A8F21E3418B5001B94FD /* execution.swift */ = {isa = PBXFileReference; fileEncoding = 4; lastKnownFileType = sourcecode.swift; path = execution.swift; sourceTree = "<group>"; };
		5191A8F31E3418B5001B94FD /* Foundation-ext.swift */ = {isa = PBXFileReference; fileEncoding = 4; lastKnownFileType = sourcecode.swift; path = "Foundation-ext.swift"; sourceTree = "<group>"; };
		5191A8FE1E341A17001B94FD /* AppKit-ext.swift */ = {isa = PBXFileReference; fileEncoding = 4; lastKnownFileType = sourcecode.swift; path = "AppKit-ext.swift"; sourceTree = "<group>"; };
		51DADAE01E3D784B0035D4EB /* NSArray+MapFilterReduce.h */ = {isa = PBXFileReference; fileEncoding = 4; lastKnownFileType = sourcecode.c.h; path = "NSArray+MapFilterReduce.h"; sourceTree = "<group>"; };
		51DADAE11E3D784B0035D4EB /* NSArray+MapFilterReduce.m */ = {isa = PBXFileReference; fileEncoding = 4; lastKnownFileType = sourcecode.c.objc; path = "NSArray+MapFilterReduce.m"; sourceTree = "<group>"; };
		51F1A518229EBB4900756EE3 /* Cocoa-oneliners.swift */ = {isa = PBXFileReference; lastKnownFileType = sourcecode.swift; path = "Cocoa-oneliners.swift"; sourceTree = "<group>"; };
/* End PBXFileReference section */

/* Begin PBXFrameworksBuildPhase section */
		5191A8C91E341889001B94FD /* Frameworks */ = {
			isa = PBXFrameworksBuildPhase;
			buildActionMask = 2147483647;
			files = (
			);
			runOnlyForDeploymentPostprocessing = 0;
		};
		5191A8D31E341889001B94FD /* Frameworks */ = {
			isa = PBXFrameworksBuildPhase;
			buildActionMask = 2147483647;
			files = (
				5191A8D71E341889001B94FD /* BBLBasics.framework in Frameworks */,
			);
			runOnlyForDeploymentPostprocessing = 0;
		};
/* End PBXFrameworksBuildPhase section */

/* Begin PBXGroup section */
		5191A8C31E341889001B94FD = {
			isa = PBXGroup;
			children = (
				51408FDA22C14DB000FB5462 /* WebViewPlayground.playground */,
				5191A8CF1E341889001B94FD /* BBLBasics */,
				5191A8DA1E341889001B94FD /* BBLBasicsTests */,
				5191A8CE1E341889001B94FD /* Products */,
			);
			sourceTree = "<group>";
		};
		5191A8CE1E341889001B94FD /* Products */ = {
			isa = PBXGroup;
			children = (
				5191A8CD1E341889001B94FD /* BBLBasics.framework */,
				5191A8D61E341889001B94FD /* BBLBasicsTests.xctest */,
			);
			name = Products;
			sourceTree = "<group>";
		};
		5191A8CF1E341889001B94FD /* BBLBasics */ = {
			isa = PBXGroup;
			children = (
				512E40AF22D7703100078E74 /* StatusItemController.swift */,
				516A99B01ED8E7EB00978A19 /* KeyViewManaging.swift */,
				51F1A518229EBB4900756EE3 /* Cocoa-oneliners.swift */,
				5191A8FE1E341A17001B94FD /* AppKit-ext.swift */,
				513259EC22AFC6A90064F8A2 /* NotificationObservation.swift */,
				5191A8F21E3418B5001B94FD /* execution.swift */,
				5191A8F31E3418B5001B94FD /* Foundation-ext.swift */,
				51DADAE01E3D784B0035D4EB /* NSArray+MapFilterReduce.h */,
				51DADAE11E3D784B0035D4EB /* NSArray+MapFilterReduce.m */,
				5191A8D01E341889001B94FD /* BBLBasics.h */,
				5191A8D11E341889001B94FD /* Info.plist */,
				517432B620FF489D00F33B65 /* NSDocument-quicklook.swift */,
			);
			path = BBLBasics;
			sourceTree = "<group>";
		};
		5191A8DA1E341889001B94FD /* BBLBasicsTests */ = {
			isa = PBXGroup;
			children = (
				5191A8DB1E341889001B94FD /* BBLBasicsTests.swift */,
				5191A8DD1E341889001B94FD /* Info.plist */,
			);
			path = BBLBasicsTests;
			sourceTree = "<group>";
		};
/* End PBXGroup section */

/* Begin PBXHeadersBuildPhase section */
		5191A8CA1E341889001B94FD /* Headers */ = {
			isa = PBXHeadersBuildPhase;
			buildActionMask = 2147483647;
			files = (
				51DADAE21E3D784B0035D4EB /* NSArray+MapFilterReduce.h in Headers */,
				5191A8DE1E341889001B94FD /* BBLBasics.h in Headers */,
			);
			runOnlyForDeploymentPostprocessing = 0;
		};
/* End PBXHeadersBuildPhase section */

/* Begin PBXNativeTarget section */
		5191A8CC1E341889001B94FD /* BBLBasics */ = {
			isa = PBXNativeTarget;
			buildConfigurationList = 5191A8E11E341889001B94FD /* Build configuration list for PBXNativeTarget "BBLBasics" */;
			buildPhases = (
				5191A8C81E341889001B94FD /* Sources */,
				5191A8C91E341889001B94FD /* Frameworks */,
				5191A8CA1E341889001B94FD /* Headers */,
				5191A8CB1E341889001B94FD /* Resources */,
			);
			buildRules = (
			);
			dependencies = (
			);
			name = BBLBasics;
			productName = BBLBasics;
			productReference = 5191A8CD1E341889001B94FD /* BBLBasics.framework */;
			productType = "com.apple.product-type.framework";
		};
		5191A8D51E341889001B94FD /* BBLBasicsTests */ = {
			isa = PBXNativeTarget;
			buildConfigurationList = 5191A8E41E341889001B94FD /* Build configuration list for PBXNativeTarget "BBLBasicsTests" */;
			buildPhases = (
				5191A8D21E341889001B94FD /* Sources */,
				5191A8D31E341889001B94FD /* Frameworks */,
				5191A8D41E341889001B94FD /* Resources */,
			);
			buildRules = (
			);
			dependencies = (
				5191A8D91E341889001B94FD /* PBXTargetDependency */,
			);
			name = BBLBasicsTests;
			productName = BBLBasicsTests;
			productReference = 5191A8D61E341889001B94FD /* BBLBasicsTests.xctest */;
			productType = "com.apple.product-type.bundle.unit-test";
		};
/* End PBXNativeTarget section */

/* Begin PBXProject section */
		5191A8C41E341889001B94FD /* Project object */ = {
			isa = PBXProject;
			attributes = {
				LastSwiftUpdateCheck = 0810;
				LastUpgradeCheck = 1220;
				ORGANIZATIONNAME = "Big Bear Labs";
				TargetAttributes = {
					5191A8CC1E341889001B94FD = {
						CreatedOnToolsVersion = 8.1;
						DevelopmentTeam = XK44TD8U4S;
						LastSwiftMigration = 1020;
						ProvisioningStyle = Automatic;
					};
					5191A8D51E341889001B94FD = {
						CreatedOnToolsVersion = 8.1;
						DevelopmentTeam = XK44TD8U4S;
						ProvisioningStyle = Automatic;
					};
				};
			};
			buildConfigurationList = 5191A8C71E341889001B94FD /* Build configuration list for PBXProject "BBLBasics" */;
			compatibilityVersion = "Xcode 3.2";
			developmentRegion = en;
			hasScannedForEncodings = 0;
			knownRegions = (
				en,
				Base,
			);
			mainGroup = 5191A8C31E341889001B94FD;
			productRefGroup = 5191A8CE1E341889001B94FD /* Products */;
			projectDirPath = "";
			projectRoot = "";
			targets = (
				5191A8CC1E341889001B94FD /* BBLBasics */,
				5191A8D51E341889001B94FD /* BBLBasicsTests */,
			);
		};
/* End PBXProject section */

/* Begin PBXResourcesBuildPhase section */
		5191A8CB1E341889001B94FD /* Resources */ = {
			isa = PBXResourcesBuildPhase;
			buildActionMask = 2147483647;
			files = (
			);
			runOnlyForDeploymentPostprocessing = 0;
		};
		5191A8D41E341889001B94FD /* Resources */ = {
			isa = PBXResourcesBuildPhase;
			buildActionMask = 2147483647;
			files = (
			);
			runOnlyForDeploymentPostprocessing = 0;
		};
/* End PBXResourcesBuildPhase section */

/* Begin PBXSourcesBuildPhase section */
		5191A8C81E341889001B94FD /* Sources */ = {
			isa = PBXSourcesBuildPhase;
			buildActionMask = 2147483647;
			files = (
				5191A8F71E3418B5001B94FD /* Foundation-ext.swift in Sources */,
				516A99B11ED8E7EB00978A19 /* KeyViewManaging.swift in Sources */,
				5191A8F61E3418B5001B94FD /* execution.swift in Sources */,
				513259ED22AFC6A90064F8A2 /* NotificationObservation.swift in Sources */,
				5191A8FF1E341A17001B94FD /* AppKit-ext.swift in Sources */,
				512E40B022D7703200078E74 /* StatusItemController.swift in Sources */,
				51F1A519229EBB4900756EE3 /* Cocoa-oneliners.swift in Sources */,
				517432B720FF489D00F33B65 /* NSDocument-quicklook.swift in Sources */,
				51DADAE31E3D784B0035D4EB /* NSArray+MapFilterReduce.m in Sources */,
			);
			runOnlyForDeploymentPostprocessing = 0;
		};
		5191A8D21E341889001B94FD /* Sources */ = {
			isa = PBXSourcesBuildPhase;
			buildActionMask = 2147483647;
			files = (
				5191A8DC1E341889001B94FD /* BBLBasicsTests.swift in Sources */,
			);
			runOnlyForDeploymentPostprocessing = 0;
		};
/* End PBXSourcesBuildPhase section */

/* Begin PBXTargetDependency section */
		5191A8D91E341889001B94FD /* PBXTargetDependency */ = {
			isa = PBXTargetDependency;
			target = 5191A8CC1E341889001B94FD /* BBLBasics */;
			targetProxy = 5191A8D81E341889001B94FD /* PBXContainerItemProxy */;
		};
/* End PBXTargetDependency section */

/* Begin XCBuildConfiguration section */
		5191A8DF1E341889001B94FD /* Debug */ = {
			isa = XCBuildConfiguration;
			buildSettings = {
				ALWAYS_SEARCH_USER_PATHS = NO;
				CLANG_ANALYZER_LOCALIZABILITY_NONLOCALIZED = YES;
				CLANG_ANALYZER_NONNULL = YES;
				CLANG_CXX_LANGUAGE_STANDARD = "gnu++0x";
				CLANG_CXX_LIBRARY = "libc++";
				CLANG_ENABLE_MODULES = YES;
				CLANG_ENABLE_OBJC_ARC = YES;
				CLANG_WARN_BLOCK_CAPTURE_AUTORELEASING = YES;
				CLANG_WARN_BOOL_CONVERSION = YES;
				CLANG_WARN_COMMA = YES;
				CLANG_WARN_CONSTANT_CONVERSION = YES;
				CLANG_WARN_DEPRECATED_OBJC_IMPLEMENTATIONS = YES;
				CLANG_WARN_DIRECT_OBJC_ISA_USAGE = YES_ERROR;
				CLANG_WARN_DOCUMENTATION_COMMENTS = YES;
				CLANG_WARN_EMPTY_BODY = YES;
				CLANG_WARN_ENUM_CONVERSION = YES;
				CLANG_WARN_INFINITE_RECURSION = YES;
				CLANG_WARN_INT_CONVERSION = YES;
				CLANG_WARN_NON_LITERAL_NULL_CONVERSION = YES;
				CLANG_WARN_OBJC_IMPLICIT_RETAIN_SELF = YES;
				CLANG_WARN_OBJC_LITERAL_CONVERSION = YES;
				CLANG_WARN_OBJC_ROOT_CLASS = YES_ERROR;
				CLANG_WARN_QUOTED_INCLUDE_IN_FRAMEWORK_HEADER = YES;
				CLANG_WARN_RANGE_LOOP_ANALYSIS = YES;
				CLANG_WARN_STRICT_PROTOTYPES = YES;
				CLANG_WARN_SUSPICIOUS_MOVE = YES;
				CLANG_WARN_SUSPICIOUS_MOVES = YES;
				CLANG_WARN_UNREACHABLE_CODE = YES;
				CLANG_WARN__DUPLICATE_METHOD_MATCH = YES;
				CODE_SIGN_IDENTITY = "-";
				COPY_PHASE_STRIP = NO;
				CURRENT_PROJECT_VERSION = 1;
				DEBUG_INFORMATION_FORMAT = dwarf;
				ENABLE_STRICT_OBJC_MSGSEND = YES;
				ENABLE_TESTABILITY = YES;
				GCC_C_LANGUAGE_STANDARD = gnu99;
				GCC_DYNAMIC_NO_PIC = NO;
				GCC_NO_COMMON_BLOCKS = YES;
				GCC_OPTIMIZATION_LEVEL = 0;
				GCC_PREPROCESSOR_DEFINITIONS = (
					"DEBUG=1",
					"$(inherited)",
				);
				GCC_WARN_64_TO_32_BIT_CONVERSION = YES;
				GCC_WARN_ABOUT_RETURN_TYPE = YES_ERROR;
				GCC_WARN_UNDECLARED_SELECTOR = YES;
				GCC_WARN_UNINITIALIZED_AUTOS = YES_AGGRESSIVE;
				GCC_WARN_UNUSED_FUNCTION = YES;
				GCC_WARN_UNUSED_VARIABLE = YES;
				MACOSX_DEPLOYMENT_TARGET = 10.12;
				MTL_ENABLE_DEBUG_INFO = YES;
				ONLY_ACTIVE_ARCH = YES;
				SDKROOT = macosx;
				SWIFT_ACTIVE_COMPILATION_CONDITIONS = DEBUG;
				SWIFT_OPTIMIZATION_LEVEL = "-Onone";
				VERSIONING_SYSTEM = "apple-generic";
				VERSION_INFO_PREFIX = "";
			};
			name = Debug;
		};
		5191A8E01E341889001B94FD /* Release */ = {
			isa = XCBuildConfiguration;
			buildSettings = {
				ALWAYS_SEARCH_USER_PATHS = NO;
				CLANG_ANALYZER_LOCALIZABILITY_NONLOCALIZED = YES;
				CLANG_ANALYZER_NONNULL = YES;
				CLANG_CXX_LANGUAGE_STANDARD = "gnu++0x";
				CLANG_CXX_LIBRARY = "libc++";
				CLANG_ENABLE_MODULES = YES;
				CLANG_ENABLE_OBJC_ARC = YES;
				CLANG_WARN_BLOCK_CAPTURE_AUTORELEASING = YES;
				CLANG_WARN_BOOL_CONVERSION = YES;
				CLANG_WARN_COMMA = YES;
				CLANG_WARN_CONSTANT_CONVERSION = YES;
				CLANG_WARN_DEPRECATED_OBJC_IMPLEMENTATIONS = YES;
				CLANG_WARN_DIRECT_OBJC_ISA_USAGE = YES_ERROR;
				CLANG_WARN_DOCUMENTATION_COMMENTS = YES;
				CLANG_WARN_EMPTY_BODY = YES;
				CLANG_WARN_ENUM_CONVERSION = YES;
				CLANG_WARN_INFINITE_RECURSION = YES;
				CLANG_WARN_INT_CONVERSION = YES;
				CLANG_WARN_NON_LITERAL_NULL_CONVERSION = YES;
				CLANG_WARN_OBJC_IMPLICIT_RETAIN_SELF = YES;
				CLANG_WARN_OBJC_LITERAL_CONVERSION = YES;
				CLANG_WARN_OBJC_ROOT_CLASS = YES_ERROR;
				CLANG_WARN_QUOTED_INCLUDE_IN_FRAMEWORK_HEADER = YES;
				CLANG_WARN_RANGE_LOOP_ANALYSIS = YES;
				CLANG_WARN_STRICT_PROTOTYPES = YES;
				CLANG_WARN_SUSPICIOUS_MOVE = YES;
				CLANG_WARN_SUSPICIOUS_MOVES = YES;
				CLANG_WARN_UNREACHABLE_CODE = YES;
				CLANG_WARN__DUPLICATE_METHOD_MATCH = YES;
				CODE_SIGN_IDENTITY = "-";
				COPY_PHASE_STRIP = NO;
				CURRENT_PROJECT_VERSION = 1;
				DEBUG_INFORMATION_FORMAT = "dwarf-with-dsym";
				ENABLE_NS_ASSERTIONS = NO;
				ENABLE_STRICT_OBJC_MSGSEND = YES;
				GCC_C_LANGUAGE_STANDARD = gnu99;
				GCC_NO_COMMON_BLOCKS = YES;
				GCC_WARN_64_TO_32_BIT_CONVERSION = YES;
				GCC_WARN_ABOUT_RETURN_TYPE = YES_ERROR;
				GCC_WARN_UNDECLARED_SELECTOR = YES;
				GCC_WARN_UNINITIALIZED_AUTOS = YES_AGGRESSIVE;
				GCC_WARN_UNUSED_FUNCTION = YES;
				GCC_WARN_UNUSED_VARIABLE = YES;
				MACOSX_DEPLOYMENT_TARGET = 10.12;
				MTL_ENABLE_DEBUG_INFO = NO;
				SDKROOT = macosx;
				SWIFT_OPTIMIZATION_LEVEL = "-Owholemodule";
				VERSIONING_SYSTEM = "apple-generic";
				VERSION_INFO_PREFIX = "";
			};
			name = Release;
		};
		5191A8E21E341889001B94FD /* Debug */ = {
			isa = XCBuildConfiguration;
			buildSettings = {
				CLANG_ENABLE_MODULES = YES;
				CODE_SIGN_IDENTITY = "";
				COMBINE_HIDPI_IMAGES = YES;
				DEFINES_MODULE = YES;
				DEVELOPMENT_TEAM = XK44TD8U4S;
				DYLIB_COMPATIBILITY_VERSION = 1;
				DYLIB_CURRENT_VERSION = 1;
				DYLIB_INSTALL_NAME_BASE = "@rpath";
				FRAMEWORK_VERSION = A;
				INFOPLIST_FILE = BBLBasics/Info.plist;
				INSTALL_PATH = "$(LOCAL_LIBRARY_DIR)/Frameworks";
				LD_RUNPATH_SEARCH_PATHS = "$(inherited) @executable_path/../Frameworks @loader_path/Frameworks";
				PRODUCT_BUNDLE_IDENTIFIER = com.bigbearlabs.BBLBasics;
				PRODUCT_NAME = "$(TARGET_NAME)";
				SKIP_INSTALL = YES;
				SWIFT_OPTIMIZATION_LEVEL = "-Onone";
				SWIFT_VERSION = 5.0;
			};
			name = Debug;
		};
		5191A8E31E341889001B94FD /* Release */ = {
			isa = XCBuildConfiguration;
			buildSettings = {
				CLANG_ENABLE_MODULES = YES;
				CODE_SIGN_IDENTITY = "";
				COMBINE_HIDPI_IMAGES = YES;
				DEFINES_MODULE = YES;
				DEVELOPMENT_TEAM = XK44TD8U4S;
				DYLIB_COMPATIBILITY_VERSION = 1;
				DYLIB_CURRENT_VERSION = 1;
				DYLIB_INSTALL_NAME_BASE = "@rpath";
				FRAMEWORK_VERSION = A;
				INFOPLIST_FILE = BBLBasics/Info.plist;
				INSTALL_PATH = "$(LOCAL_LIBRARY_DIR)/Frameworks";
				LD_RUNPATH_SEARCH_PATHS = "$(inherited) @executable_path/../Frameworks @loader_path/Frameworks";
				PRODUCT_BUNDLE_IDENTIFIER = com.bigbearlabs.BBLBasics;
				PRODUCT_NAME = "$(TARGET_NAME)";
				SKIP_INSTALL = YES;
				SWIFT_VERSION = 5.0;
			};
			name = Release;
		};
		5191A8E51E341889001B94FD /* Debug */ = {
			isa = XCBuildConfiguration;
			buildSettings = {
				ALWAYS_EMBED_SWIFT_STANDARD_LIBRARIES = YES;
				COMBINE_HIDPI_IMAGES = YES;
				DEVELOPMENT_TEAM = XK44TD8U4S;
				INFOPLIST_FILE = BBLBasicsTests/Info.plist;
				LD_RUNPATH_SEARCH_PATHS = "$(inherited) @executable_path/../Frameworks @loader_path/../Frameworks";
				PRODUCT_BUNDLE_IDENTIFIER = com.bigbearlabs.BBLBasicsTests;
				PRODUCT_NAME = "$(TARGET_NAME)";
				SWIFT_VERSION = 3.0;
			};
			name = Debug;
		};
		5191A8E61E341889001B94FD /* Release */ = {
			isa = XCBuildConfiguration;
			buildSettings = {
				ALWAYS_EMBED_SWIFT_STANDARD_LIBRARIES = YES;
				COMBINE_HIDPI_IMAGES = YES;
				DEVELOPMENT_TEAM = XK44TD8U4S;
				INFOPLIST_FILE = BBLBasicsTests/Info.plist;
				LD_RUNPATH_SEARCH_PATHS = "$(inherited) @executable_path/../Frameworks @loader_path/../Frameworks";
				PRODUCT_BUNDLE_IDENTIFIER = com.bigbearlabs.BBLBasicsTests;
				PRODUCT_NAME = "$(TARGET_NAME)";
				SWIFT_VERSION = 3.0;
			};
			name = Release;
		};
/* End XCBuildConfiguration section */

/* Begin XCConfigurationList section */
		5191A8C71E341889001B94FD /* Build configuration list for PBXProject "BBLBasics" */ = {
			isa = XCConfigurationList;
			buildConfigurations = (
				5191A8DF1E341889001B94FD /* Debug */,
				5191A8E01E341889001B94FD /* Release */,
			);
			defaultConfigurationIsVisible = 0;
			defaultConfigurationName = Release;
		};
		5191A8E11E341889001B94FD /* Build configuration list for PBXNativeTarget "BBLBasics" */ = {
			isa = XCConfigurationList;
			buildConfigurations = (
				5191A8E21E341889001B94FD /* Debug */,
				5191A8E31E341889001B94FD /* Release */,
			);
			defaultConfigurationIsVisible = 0;
			defaultConfigurationName = Release;
		};
		5191A8E41E341889001B94FD /* Build configuration list for PBXNativeTarget "BBLBasicsTests" */ = {
			isa = XCConfigurationList;
			buildConfigurations = (
				5191A8E51E341889001B94FD /* Debug */,
				5191A8E61E341889001B94FD /* Release */,
			);
			defaultConfigurationIsVisible = 0;
			defaultConfigurationName = Release;
		};
/* End XCConfigurationList section */
	};
	rootObject = 5191A8C41E341889001B94FD /* Project object */;
}
